
Microsoft Visual Studio Solution File, Format Version 12.00
# Visual Studio Version 17
VisualStudioVersion = 17.0.31903.59
MinimumVisualStudioVersion = 10.0.40219.1
Project("{FAE04EC0-301F-11D3-BF4B-00C04F79EFBC}") = "Xnk.Shared", "Xnk.Shared\Xnk.Shared.csproj", "{45382BA8-7840-4192-92D2-AD30BC598DB4}"
EndProject
Project("{FAE04EC0-301F-11D3-BF4B-00C04F79EFBC}") = "Xnk.Corpus", "Xnk.Corpus\Xnk.Corpus.csproj", "{812C11E3-863D-4E13-80AE-3F268D662C8B}"
EndProject
Project("{FAE04EC0-301F-11D3-BF4B-00C04F79EFBC}") = "Xnk.Corpus.Tests", "Xnk.Corpus.Tests\Xnk.Corpus.Tests.csproj", "{B14B9E21-144E-41F2-BC03-02B6911F29E0}"
EndProject
Project("{FAE04EC0-301F-11D3-BF4B-00C04F79EFBC}") = "Xnk.IdentityTenant", "Xnk.IdentityTenant\Xnk.IdentityTenant.csproj", "{6FE5CC72-09B5-48EC-A837-EEDDAA760C2D}"
EndProject
Project("{FAE04EC0-301F-11D3-BF4B-00C04F79EFBC}") = "Xnk.IdentityTenant.Tests", "Xnk.IdentityTenant.Tests\Xnk.IdentityTenant.Tests.csproj", "{1984D3DA-5B9F-42E8-9201-704C879B39F6}"
EndProject
Project("{FAE04EC0-301F-11D3-BF4B-00C04F79EFBC}") = "Xnk.Chat", "Xnk.Chat\Xnk.Chat.csproj", "{100BF105-0F74-48F8-9C56-3B79F949D897}"
EndProject
Project("{FAE04EC0-301F-11D3-BF4B-00C04F79EFBC}") = "Xnk.Chat.Tests", "Xnk.Chat.Tests\Xnk.Chat.Tests.csproj", "{A4A73982-F809-453B-86BF-CB9DF0AA6EA1}"
EndProject
Project("{FAE04EC0-301F-11D3-BF4B-00C04F79EFBC}") = "Xnk.WorkflowWorker", "Xnk.WorkflowWorker\Xnk.WorkflowWorker.csproj", "{03FE9AA1-EE61-45F1-872B-681C94CD9B5F}"
EndProject
Project("{FAE04EC0-301F-11D3-BF4B-00C04F79EFBC}") = "Xnk.WorkflowWorker.Tests", "Xnk.WorkflowWorker.Tests\Xnk.WorkflowWorker.Tests.csproj", "{A78F20B4-00C5-4EDE-A8A8-1C18DBADC6D9}"
EndProject
Global
	GlobalSection(SolutionConfigurationPlatforms) = preSolution
		Debug|Any CPU = Debug|Any CPU
		Debug|x64 = Debug|x64
		Debug|x86 = Debug|x86
		Release|Any CPU = Release|Any CPU
		Release|x64 = Release|x64
		Release|x86 = Release|x86
	EndGlobalSection
	GlobalSection(ProjectConfigurationPlatforms) = postSolution
		{45382BA8-7840-4192-92D2-AD30BC598DB4}.Debug|Any CPU.ActiveCfg = Debug|Any CPU
		{45382BA8-7840-4192-92D2-AD30BC598DB4}.Debug|Any CPU.Build.0 = Debug|Any CPU
		{45382BA8-7840-4192-92D2-AD30BC598DB4}.Debug|x64.ActiveCfg = Debug|Any CPU
		{45382BA8-7840-4192-92D2-AD30BC598DB4}.Debug|x64.Build.0 = Debug|Any CPU
		{45382BA8-7840-4192-92D2-AD30BC598DB4}.Debug|x86.ActiveCfg = Debug|Any CPU
		{45382BA8-7840-4192-92D2-AD30BC598DB4}.Debug|x86.Build.0 = Debug|Any CPU
		{45382BA8-7840-4192-92D2-AD30BC598DB4}.Release|Any CPU.ActiveCfg = Release|Any CPU
		{45382BA8-7840-4192-92D2-AD30BC598DB4}.Release|Any CPU.Build.0 = Release|Any CPU
		{45382BA8-7840-4192-92D2-AD30BC598DB4}.Release|x64.ActiveCfg = Release|Any CPU
		{45382BA8-7840-4192-92D2-AD30BC598DB4}.Release|x64.Build.0 = Release|Any CPU
		{45382BA8-7840-4192-92D2-AD30BC598DB4}.Release|x86.ActiveCfg = Release|Any CPU
		{45382BA8-7840-4192-92D2-AD30BC598DB4}.Release|x86.Build.0 = Release|Any CPU
		{812C11E3-863D-4E13-80AE-3F268D662C8B}.Debug|Any CPU.ActiveCfg = Debug|Any CPU
		{812C11E3-863D-4E13-80AE-3F268D662C8B}.Debug|Any CPU.Build.0 = Debug|Any CPU
		{812C11E3-863D-4E13-80AE-3F268D662C8B}.Debug|x64.ActiveCfg = Debug|Any CPU
		{812C11E3-863D-4E13-80AE-3F268D662C8B}.Debug|x64.Build.0 = Debug|Any CPU
		{812C11E3-863D-4E13-80AE-3F268D662C8B}.Debug|x86.ActiveCfg = Debug|Any CPU
		{812C11E3-863D-4E13-80AE-3F268D662C8B}.Debug|x86.Build.0 = Debug|Any CPU
		{812C11E3-863D-4E13-80AE-3F268D662C8B}.Release|Any CPU.ActiveCfg = Release|Any CPU
		{812C11E3-863D-4E13-80AE-3F268D662C8B}.Release|Any CPU.Build.0 = Release|Any CPU
		{812C11E3-863D-4E13-80AE-3F268D662C8B}.Release|x64.ActiveCfg = Release|Any CPU
		{812C11E3-863D-4E13-80AE-3F268D662C8B}.Release|x64.Build.0 = Release|Any CPU
		{812C11E3-863D-4E13-80AE-3F268D662C8B}.Release|x86.ActiveCfg = Release|Any CPU
		{812C11E3-863D-4E13-80AE-3F268D662C8B}.Release|x86.Build.0 = Release|Any CPU
		{B14B9E21-144E-41F2-BC03-02B6911F29E0}.Debug|Any CPU.ActiveCfg = Debug|Any CPU
		{B14B9E21-144E-41F2-BC03-02B6911F29E0}.Debug|Any CPU.Build.0 = Debug|Any CPU
		{B14B9E21-144E-41F2-BC03-02B6911F29E0}.Debug|x64.ActiveCfg = Debug|Any CPU
		{B14B9E21-144E-41F2-BC03-02B6911F29E0}.Debug|x64.Build.0 = Debug|Any CPU
		{B14B9E21-144E-41F2-BC03-02B6911F29E0}.Debug|x86.ActiveCfg = Debug|Any CPU
		{B14B9E21-144E-41F2-BC03-02B6911F29E0}.Debug|x86.Build.0 = Debug|Any CPU
		{B14B9E21-144E-41F2-BC03-02B6911F29E0}.Release|Any CPU.ActiveCfg = Release|Any CPU
		{B14B9E21-144E-41F2-BC03-02B6911F29E0}.Release|Any CPU.Build.0 = Release|Any CPU
		{B14B9E21-144E-41F2-BC03-02B6911F29E0}.Release|x64.ActiveCfg = Release|Any CPU
		{B14B9E21-144E-41F2-BC03-02B6911F29E0}.Release|x64.Build.0 = Release|Any CPU
		{B14B9E21-144E-41F2-BC03-02B6911F29E0}.Release|x86.ActiveCfg = Release|Any CPU
		{B14B9E21-144E-41F2-BC03-02B6911F29E0}.Release|x86.Build.0 = Release|Any CPU
		{6FE5CC72-09B5-48EC-A837-EEDDAA760C2D}.Debug|Any CPU.ActiveCfg = Debug|Any CPU
		{6FE5CC72-09B5-48EC-A837-EEDDAA760C2D}.Debug|Any CPU.Build.0 = Debug|Any CPU
		{6FE5CC72-09B5-48EC-A837-EEDDAA760C2D}.Debug|x64.ActiveCfg = Debug|Any CPU
		{6FE5CC72-09B5-48EC-A837-EEDDAA760C2D}.Debug|x64.Build.0 = Debug|Any CPU
		{6FE5CC72-09B5-48EC-A837-EEDDAA760C2D}.Debug|x86.ActiveCfg = Debug|Any CPU
		{6FE5CC72-09B5-48EC-A837-EEDDAA760C2D}.Debug|x86.Build.0 = Debug|Any CPU
		{6FE5CC72-09B5-48EC-A837-EEDDAA760C2D}.Release|Any CPU.ActiveCfg = Release|Any CPU
		{6FE5CC72-09B5-48EC-A837-EEDDAA760C2D}.Release|Any CPU.Build.0 = Release|Any CPU
		{6FE5CC72-09B5-48EC-A837-EEDDAA760C2D}.Release|x64.ActiveCfg = Release|Any CPU
		{6FE5CC72-09B5-48EC-A837-EEDDAA760C2D}.Release|x64.Build.0 = Release|Any CPU
		{6FE5CC72-09B5-48EC-A837-EEDDAA760C2D}.Release|x86.ActiveCfg = Release|Any CPU
		{6FE5CC72-09B5-48EC-A837-EEDDAA760C2D}.Release|x86.Build.0 = Release|Any CPU
		{1984D3DA-5B9F-42E8-9201-704C879B39F6}.Debug|Any CPU.ActiveCfg = Debug|Any CPU
		{1984D3DA-5B9F-42E8-9201-704C879B39F6}.Debug|Any CPU.Build.0 = Debug|Any CPU
		{1984D3DA-5B9F-42E8-9201-704C879B39F6}.Debug|x64.ActiveCfg = Debug|Any CPU
		{1984D3DA-5B9F-42E8-9201-704C879B39F6}.Debug|x64.Build.0 = Debug|Any CPU
		{1984D3DA-5B9F-42E8-9201-704C879B39F6}.Debug|x86.ActiveCfg = Debug|Any CPU
		{1984D3DA-5B9F-42E8-9201-704C879B39F6}.Debug|x86.Build.0 = Debug|Any CPU
		{1984D3DA-5B9F-42E8-9201-704C879B39F6}.Release|Any CPU.ActiveCfg = Release|Any CPU
		{1984D3DA-5B9F-42E8-9201-704C879B39F6}.Release|Any CPU.Build.0 = Release|Any CPU
		{1984D3DA-5B9F-42E8-9201-704C879B39F6}.Release|x64.ActiveCfg = Release|Any CPU
		{1984D3DA-5B9F-42E8-9201-704C879B39F6}.Release|x64.Build.0 = Release|Any CPU
		{1984D3DA-5B9F-42E8-9201-704C879B39F6}.Release|x86.ActiveCfg = Release|Any CPU
		{1984D3DA-5B9F-42E8-9201-704C879B39F6}.Release|x86.Build.0 = Release|Any CPU
		{100BF105-0F74-48F8-9C56-3B79F949D897}.Debug|Any CPU.ActiveCfg = Debug|Any CPU
		{100BF105-0F74-48F8-9C56-3B79F949D897}.Debug|Any CPU.Build.0 = Debug|Any CPU
		{100BF105-0F74-48F8-9C56-3B79F949D897}.Debug|x64.ActiveCfg = Debug|Any CPU
		{100BF105-0F74-48F8-9C56-3B79F949D897}.Debug|x64.Build.0 = Debug|Any CPU
		{100BF105-0F74-48F8-9C56-3B79F949D897}.Debug|x86.ActiveCfg = Debug|Any CPU
		{100BF105-0F74-48F8-9C56-3B79F949D897}.Debug|x86.Build.0 = Debug|Any CPU
		{100BF105-0F74-48F8-9C56-3B79F949D897}.Release|Any CPU.ActiveCfg = Release|Any CPU
		{100BF105-0F74-48F8-9C56-3B79F949D897}.Release|Any CPU.Build.0 = Release|Any CPU
		{100BF105-0F74-48F8-9C56-3B79F949D897}.Release|x64.ActiveCfg = Release|Any CPU
		{100BF105-0F74-48F8-9C56-3B79F949D897}.Release|x64.Build.0 = Release|Any CPU
		{100BF105-0F74-48F8-9C56-3B79F949D897}.Release|x86.ActiveCfg = Release|Any CPU
		{100BF105-0F74-48F8-9C56-3B79F949D897}.Release|x86.Build.0 = Release|Any CPU
		{A4A73982-F809-453B-86BF-CB9DF0AA6EA1}.Debug|Any CPU.ActiveCfg = Debug|Any CPU
		{A4A73982-F809-453B-86BF-CB9DF0AA6EA1}.Debug|Any CPU.Build.0 = Debug|Any CPU
		{A4A73982-F809-453B-86BF-CB9DF0AA6EA1}.Debug|x64.ActiveCfg = Debug|Any CPU
		{A4A73982-F809-453B-86BF-CB9DF0AA6EA1}.Debug|x64.Build.0 = Debug|Any CPU
		{A4A73982-F809-453B-86BF-CB9DF0AA6EA1}.Debug|x86.ActiveCfg = Debug|Any CPU
		{A4A73982-F809-453B-86BF-CB9DF0AA6EA1}.Debug|x86.Build.0 = Debug|Any CPU
		{A4A73982-F809-453B-86BF-CB9DF0AA6EA1}.Release|Any CPU.ActiveCfg = Release|Any CPU
		{A4A73982-F809-453B-86BF-CB9DF0AA6EA1}.Release|Any CPU.Build.0 = Release|Any CPU
		{A4A73982-F809-453B-86BF-CB9DF0AA6EA1}.Release|x64.ActiveCfg = Release|Any CPU
		{A4A73982-F809-453B-86BF-CB9DF0AA6EA1}.Release|x64.Build.0 = Release|Any CPU
		{A4A73982-F809-453B-86BF-CB9DF0AA6EA1}.Release|x86.ActiveCfg = Release|Any CPU
		{A4A73982-F809-453B-86BF-CB9DF0AA6EA1}.Release|x86.Build.0 = Release|Any CPU
		{03FE9AA1-EE61-45F1-872B-681C94CD9B5F}.Debug|Any CPU.ActiveCfg = Debug|Any CPU
		{03FE9AA1-EE61-45F1-872B-681C94CD9B5F}.Debug|Any CPU.Build.0 = Debug|Any CPU
		{03FE9AA1-EE61-45F1-872B-681C94CD9B5F}.Debug|x64.ActiveCfg = Debug|Any CPU
		{03FE9AA1-EE61-45F1-872B-681C94CD9B5F}.Debug|x64.Build.0 = Debug|Any CPU
		{03FE9AA1-EE61-45F1-872B-681C94CD9B5F}.Debug|x86.ActiveCfg = Debug|Any CPU
		{03FE9AA1-EE61-45F1-872B-681C94CD9B5F}.Debug|x86.Build.0 = Debug|Any CPU
		{03FE9AA1-EE61-45F1-872B-681C94CD9B5F}.Release|Any CPU.ActiveCfg = Release|Any CPU
		{03FE9AA1-EE61-45F1-872B-681C94CD9B5F}.Release|Any CPU.Build.0 = Release|Any CPU
		{03FE9AA1-EE61-45F1-872B-681C94CD9B5F}.Release|x64.ActiveCfg = Release|Any CPU
		{03FE9AA1-EE61-45F1-872B-681C94CD9B5F}.Release|x64.Build.0 = Release|Any CPU
		{03FE9AA1-EE61-45F1-872B-681C94CD9B5F}.Release|x86.ActiveCfg = Release|Any CPU
		{03FE9AA1-EE61-45F1-872B-681C94CD9B5F}.Release|x86.Build.0 = Release|Any CPU
		{A78F20B4-00C5-4EDE-A8A8-1C18DBADC6D9}.Debug|Any CPU.ActiveCfg = Debug|Any CPU
		{A78F20B4-00C5-4EDE-A8A8-1C18DBADC6D9}.Debug|Any CPU.Build.0 = Debug|Any CPU
		{A78F20B4-00C5-4EDE-A8A8-1C18DBADC6D9}.Debug|x64.ActiveCfg = Debug|Any CPU
		{A78F20B4-00C5-4EDE-A8A8-1C18DBADC6D9}.Debug|x64.Build.0 = Debug|Any CPU
		{A78F20B4-00C5-4EDE-A8A8-1C18DBADC6D9}.Debug|x86.ActiveCfg = Debug|Any CPU
		{A78F20B4-00C5-4EDE-A8A8-1C18DBADC6D9}.Debug|x86.Build.0 = Debug|Any CPU
		{A78F20B4-00C5-4EDE-A8A8-1C18DBADC6D9}.Release|Any CPU.ActiveCfg = Release|Any CPU
		{A78F20B4-00C5-4EDE-A8A8-1C18DBADC6D9}.Release|Any CPU.Build.0 = Release|Any CPU
		{A78F20B4-00C5-4EDE-A8A8-1C18DBADC6D9}.Release|x64.ActiveCfg = Release|Any CPU
		{A78F20B4-00C5-4EDE-A8A8-1C18DBADC6D9}.Release|x64.Build.0 = Release|Any CPU
		{A78F20B4-00C5-4EDE-A8A8-1C18DBADC6D9}.Release|x86.ActiveCfg = Release|Any CPU
		{A78F20B4-00C5-4EDE-A8A8-1C18DBADC6D9}.Release|x86.Build.0 = Release|Any CPU
	EndGlobalSection
	GlobalSection(SolutionProperties) = preSolution
		HideSolutionNode = FALSE
	EndGlobalSection
EndGlobal
